
Microsoft Visual Studio Solution File, Format Version 12.00
# Visual Studio Version 17
VisualStudioVersion = 17.3.32901.215
MinimumVisualStudioVersion = 10.0.40219.1
Project("{9A19103F-16F7-4668-BE54-9A1E7A4F7556}") = "Business", "Business\Business.csproj", "{876B02EA-3649-45A8-B794-5C6582D5A824}"
EndProject
Project("{9A19103F-16F7-4668-BE54-9A1E7A4F7556}") = "DataAccess", "DataAccess\DataAccess.csproj", "{83126374-D268-4717-B1DE-FDD5186B1B24}"
EndProject
Project("{9A19103F-16F7-4668-BE54-9A1E7A4F7556}") = "Entities", "Entities\Entities.csproj", "{B7950AD0-6828-4625-962F-7679D7D9B17E}"
EndProject
Project("{9A19103F-16F7-4668-BE54-9A1E7A4F7556}") = "Core", "Core\Core.csproj", "{76743F21-02EB-4336-9C28-9A295C9D32A0}"
EndProject
Project("{9A19103F-16F7-4668-BE54-9A1E7A4F7556}") = "ConsoleUI", "ConsoleUI\ConsoleUI.csproj", "{A4436282-CE6F-4880-971E-95D5D8D74BFC}"
EndProject
Project("{9A19103F-16F7-4668-BE54-9A1E7A4F7556}") = "WebUI", "WebUI\WebUI.csproj", "{77EA867F-0786-41A9-961A-B2F0D635722A}"
EndProject
Project("{FAE04EC0-301F-11D3-BF4B-00C04F79EFBC}") = "WebAPI", "WebAPI\WebAPI.csproj", "{390E519B-155D-426C-82A3-775345A3C606}"
EndProject
Global
	GlobalSection(SolutionConfigurationPlatforms) = preSolution
		Debug|Any CPU = Debug|Any CPU
		Release|Any CPU = Release|Any CPU
	EndGlobalSection
	GlobalSection(ProjectConfigurationPlatforms) = postSolution
		{876B02EA-3649-45A8-B794-5C6582D5A824}.Debug|Any CPU.ActiveCfg = Debug|Any CPU
		{876B02EA-3649-45A8-B794-5C6582D5A824}.Debug|Any CPU.Build.0 = Debug|Any CPU
		{876B02EA-3649-45A8-B794-5C6582D5A824}.Release|Any CPU.ActiveCfg = Release|Any CPU
		{876B02EA-3649-45A8-B794-5C6582D5A824}.Release|Any CPU.Build.0 = Release|Any CPU
		{83126374-D268-4717-B1DE-FDD5186B1B24}.Debug|Any CPU.ActiveCfg = Debug|Any CPU
		{83126374-D268-4717-B1DE-FDD5186B1B24}.Debug|Any CPU.Build.0 = Debug|Any CPU
		{83126374-D268-4717-B1DE-FDD5186B1B24}.Release|Any CPU.ActiveCfg = Release|Any CPU
		{83126374-D268-4717-B1DE-FDD5186B1B24}.Release|Any CPU.Build.0 = Release|Any CPU
		{B7950AD0-6828-4625-962F-7679D7D9B17E}.Debug|Any CPU.ActiveCfg = Debug|Any CPU
		{B7950AD0-6828-4625-962F-7679D7D9B17E}.Debug|Any CPU.Build.0 = Debug|Any CPU
		{B7950AD0-6828-4625-962F-7679D7D9B17E}.Release|Any CPU.ActiveCfg = Release|Any CPU
		{B7950AD0-6828-4625-962F-7679D7D9B17E}.Release|Any CPU.Build.0 = Release|Any CPU
		{76743F21-02EB-4336-9C28-9A295C9D32A0}.Debug|Any CPU.ActiveCfg = Debug|Any CPU
		{76743F21-02EB-4336-9C28-9A295C9D32A0}.Debug|Any CPU.Build.0 = Debug|Any CPU
		{76743F21-02EB-4336-9C28-9A295C9D32A0}.Release|Any CPU.ActiveCfg = Release|Any CPU
		{76743F21-02EB-4336-9C28-9A295C9D32A0}.Release|Any CPU.Build.0 = Release|Any CPU
		{A4436282-CE6F-4880-971E-95D5D8D74BFC}.Debug|Any CPU.ActiveCfg = Debug|Any CPU
		{A4436282-CE6F-4880-971E-95D5D8D74BFC}.Debug|Any CPU.Build.0 = Debug|Any CPU
		{A4436282-CE6F-4880-971E-95D5D8D74BFC}.Release|Any CPU.ActiveCfg = Release|Any CPU
		{A4436282-CE6F-4880-971E-95D5D8D74BFC}.Release|Any CPU.Build.0 = Release|Any CPU
		{77EA867F-0786-41A9-961A-B2F0D635722A}.Debug|Any CPU.ActiveCfg = Debug|Any CPU
		{77EA867F-0786-41A9-961A-B2F0D635722A}.Debug|Any CPU.Build.0 = Debug|Any CPU
		{77EA867F-0786-41A9-961A-B2F0D635722A}.Release|Any CPU.ActiveCfg = Release|Any CPU
		{77EA867F-0786-41A9-961A-B2F0D635722A}.Release|Any CPU.Build.0 = Release|Any CPU
		{390E519B-155D-426C-82A3-775345A3C606}.Debug|Any CPU.ActiveCfg = Debug|Any CPU
		{390E519B-155D-426C-82A3-775345A3C606}.Debug|Any CPU.Build.0 = Debug|Any CPU
		{390E519B-155D-426C-82A3-775345A3C606}.Release|Any CPU.ActiveCfg = Release|Any CPU
		{390E519B-155D-426C-82A3-775345A3C606}.Release|Any CPU.Build.0 = Release|Any CPU
	EndGlobalSection
	GlobalSection(SolutionProperties) = preSolution
		HideSolutionNode = FALSE
	EndGlobalSection
	GlobalSection(ExtensibilityGlobals) = postSolution
		SolutionGuid = {DBD74A4B-AC4E-409D-99C9-9D97A3BF682A}
	EndGlobalSection
EndGlobal
